// !$*UTF8*$!
{
	archiveVersion = 1;
	classes = {
	};
	objectVersion = 50;
	objects = {

/* Begin PBXBuildFile section */
		384C39A023EA1AE5009C4A86 /* CountryList.swift in Sources */ = {isa = PBXBuildFile; fileRef = 384C399F23EA1AE5009C4A86 /* CountryList.swift */; };
		9B07BE8F23E322B4003B1DD7 /* MapView.swift in Sources */ = {isa = PBXBuildFile; fileRef = 9B07BE8E23E322B4003B1DD7 /* MapView.swift */; };
		9B07BE9123E322CA003B1DD7 /* ListView.swift in Sources */ = {isa = PBXBuildFile; fileRef = 9B07BE9023E322CA003B1DD7 /* ListView.swift */; };
		9B07BE9323E334B6003B1DD7 /* DescVc.swift in Sources */ = {isa = PBXBuildFile; fileRef = 9B07BE9223E334B6003B1DD7 /* DescVc.swift */; };
		9B6F639A23E224760000A6CB /* AppDelegate.swift in Sources */ = {isa = PBXBuildFile; fileRef = 9B6F639923E224760000A6CB /* AppDelegate.swift */; };
		9B6F639C23E224760000A6CB /* SceneDelegate.swift in Sources */ = {isa = PBXBuildFile; fileRef = 9B6F639B23E224760000A6CB /* SceneDelegate.swift */; };
		9B6F639E23E224760000A6CB /* ViewController.swift in Sources */ = {isa = PBXBuildFile; fileRef = 9B6F639D23E224760000A6CB /* ViewController.swift */; };
		9B6F63A123E224760000A6CB /* Main.storyboard in Resources */ = {isa = PBXBuildFile; fileRef = 9B6F639F23E224760000A6CB /* Main.storyboard */; };
		9B6F63A423E224760000A6CB /* wanderfinal.xcdatamodeld in Sources */ = {isa = PBXBuildFile; fileRef = 9B6F63A223E224760000A6CB /* wanderfinal.xcdatamodeld */; };
		9B6F63A623E2247A0000A6CB /* Assets.xcassets in Resources */ = {isa = PBXBuildFile; fileRef = 9B6F63A523E2247A0000A6CB /* Assets.xcassets */; };
		9B6F63A923E2247A0000A6CB /* LaunchScreen.storyboard in Resources */ = {isa = PBXBuildFile; fileRef = 9B6F63A723E2247A0000A6CB /* LaunchScreen.storyboard */; };
/* End PBXBuildFile section */

/* Begin PBXFileReference section */
		384C399F23EA1AE5009C4A86 /* CountryList.swift */ = {isa = PBXFileReference; lastKnownFileType = sourcecode.swift; path = CountryList.swift; sourceTree = "<group>"; };
		9B07BE8E23E322B4003B1DD7 /* MapView.swift */ = {isa = PBXFileReference; lastKnownFileType = sourcecode.swift; path = MapView.swift; sourceTree = "<group>"; };
		9B07BE9023E322CA003B1DD7 /* ListView.swift */ = {isa = PBXFileReference; lastKnownFileType = sourcecode.swift; path = ListView.swift; sourceTree = "<group>"; };
		9B07BE9223E334B6003B1DD7 /* DescVc.swift */ = {isa = PBXFileReference; lastKnownFileType = sourcecode.swift; path = DescVc.swift; sourceTree = "<group>"; };
		9B6F639623E224760000A6CB /* wanderfinal.app */ = {isa = PBXFileReference; explicitFileType = wrapper.application; includeInIndex = 0; path = wanderfinal.app; sourceTree = BUILT_PRODUCTS_DIR; };
		9B6F639923E224760000A6CB /* AppDelegate.swift */ = {isa = PBXFileReference; lastKnownFileType = sourcecode.swift; path = AppDelegate.swift; sourceTree = "<group>"; };
		9B6F639B23E224760000A6CB /* SceneDelegate.swift */ = {isa = PBXFileReference; lastKnownFileType = sourcecode.swift; path = SceneDelegate.swift; sourceTree = "<group>"; };
		9B6F639D23E224760000A6CB /* ViewController.swift */ = {isa = PBXFileReference; lastKnownFileType = sourcecode.swift; path = ViewController.swift; sourceTree = "<group>"; };
		9B6F63A023E224760000A6CB /* Base */ = {isa = PBXFileReference; lastKnownFileType = file.storyboard; name = Base; path = Base.lproj/Main.storyboard; sourceTree = "<group>"; };
		9B6F63A323E224760000A6CB /* wanderfinal.xcdatamodel */ = {isa = PBXFileReference; lastKnownFileType = wrapper.xcdatamodel; path = wanderfinal.xcdatamodel; sourceTree = "<group>"; };
		9B6F63A523E2247A0000A6CB /* Assets.xcassets */ = {isa = PBXFileReference; lastKnownFileType = folder.assetcatalog; path = Assets.xcassets; sourceTree = "<group>"; };
		9B6F63A823E2247A0000A6CB /* Base */ = {isa = PBXFileReference; lastKnownFileType = file.storyboard; name = Base; path = Base.lproj/LaunchScreen.storyboard; sourceTree = "<group>"; };
		9B6F63AA23E2247A0000A6CB /* Info.plist */ = {isa = PBXFileReference; lastKnownFileType = text.plist.xml; path = Info.plist; sourceTree = "<group>"; };
/* End PBXFileReference section */

/* Begin PBXFrameworksBuildPhase section */
		9B6F639323E224760000A6CB /* Frameworks */ = {
			isa = PBXFrameworksBuildPhase;
			buildActionMask = 2147483647;
			files = (
			);
			runOnlyForDeploymentPostprocessing = 0;
		};
/* End PBXFrameworksBuildPhase section */

/* Begin PBXGroup section */
		9B6F638D23E224760000A6CB = {
			isa = PBXGroup;
			children = (
				9B6F639823E224760000A6CB /* wanderfinal */,
				9B6F639723E224760000A6CB /* Products */,
			);
			sourceTree = "<group>";
		};
		9B6F639723E224760000A6CB /* Products */ = {
			isa = PBXGroup;
			children = (
				9B6F639623E224760000A6CB /* wanderfinal.app */,
			);
			name = Products;
			sourceTree = "<group>";
		};
		9B6F639823E224760000A6CB /* wanderfinal */ = {
			isa = PBXGroup;
			children = (
				9B6F639923E224760000A6CB /* AppDelegate.swift */,
				9B6F639B23E224760000A6CB /* SceneDelegate.swift */,
				9B6F639D23E224760000A6CB /* ViewController.swift */,
				9B6F639F23E224760000A6CB /* Main.storyboard */,
				9B6F63A523E2247A0000A6CB /* Assets.xcassets */,
				9B6F63A723E2247A0000A6CB /* LaunchScreen.storyboard */,
				9B6F63AA23E2247A0000A6CB /* Info.plist */,
				9B6F63A223E224760000A6CB /* wanderfinal.xcdatamodeld */,
				9B07BE8E23E322B4003B1DD7 /* MapView.swift */,
				9B07BE9023E322CA003B1DD7 /* ListView.swift */,
				9B07BE9223E334B6003B1DD7 /* DescVc.swift */,
				384C399F23EA1AE5009C4A86 /* CountryList.swift */,
			);
			path = wanderfinal;
			sourceTree = "<group>";
		};
/* End PBXGroup section */

/* Begin PBXNativeTarget section */
		9B6F639523E224760000A6CB /* wanderfinal */ = {
			isa = PBXNativeTarget;
			buildConfigurationList = 9B6F63AD23E2247A0000A6CB /* Build configuration list for PBXNativeTarget "wanderfinal" */;
			buildPhases = (
				9B6F639223E224760000A6CB /* Sources */,
				9B6F639323E224760000A6CB /* Frameworks */,
				9B6F639423E224760000A6CB /* Resources */,
			);
			buildRules = (
			);
			dependencies = (
			);
			name = wanderfinal;
			productName = wanderfinal;
			productReference = 9B6F639623E224760000A6CB /* wanderfinal.app */;
			productType = "com.apple.product-type.application";
		};
/* End PBXNativeTarget section */

/* Begin PBXProject section */
		9B6F638E23E224760000A6CB /* Project object */ = {
			isa = PBXProject;
			attributes = {
				LastSwiftUpdateCheck = 1130;
				LastUpgradeCheck = 1130;
				ORGANIZATIONNAME = MacStudent;
				TargetAttributes = {
					9B6F639523E224760000A6CB = {
						CreatedOnToolsVersion = 11.3;
						LastSwiftMigration = 1130;
					};
				};
			};
			buildConfigurationList = 9B6F639123E224760000A6CB /* Build configuration list for PBXProject "wanderfinal" */;
			compatibilityVersion = "Xcode 9.3";
			developmentRegion = en;
			hasScannedForEncodings = 0;
			knownRegions = (
				en,
				Base,
			);
			mainGroup = 9B6F638D23E224760000A6CB;
			productRefGroup = 9B6F639723E224760000A6CB /* Products */;
			projectDirPath = "";
			projectRoot = "";
			targets = (
				9B6F639523E224760000A6CB /* wanderfinal */,
			);
		};
/* End PBXProject section */

/* Begin PBXResourcesBuildPhase section */
		9B6F639423E224760000A6CB /* Resources */ = {
			isa = PBXResourcesBuildPhase;
			buildActionMask = 2147483647;
			files = (
				9B6F63A923E2247A0000A6CB /* LaunchScreen.storyboard in Resources */,
				9B6F63A623E2247A0000A6CB /* Assets.xcassets in Resources */,
				9B6F63A123E224760000A6CB /* Main.storyboard in Resources */,
			);
			runOnlyForDeploymentPostprocessing = 0;
		};
/* End PBXResourcesBuildPhase section */

/* Begin PBXSourcesBuildPhase section */
		9B6F639223E224760000A6CB /* Sources */ = {
			isa = PBXSourcesBuildPhase;
			buildActionMask = 2147483647;
			files = (
				9B6F639E23E224760000A6CB /* ViewController.swift in Sources */,
				9B6F639A23E224760000A6CB /* AppDelegate.swift in Sources */,
				9B07BE9123E322CA003B1DD7 /* ListView.swift in Sources */,
				9B07BE8F23E322B4003B1DD7 /* MapView.swift in Sources */,
				384C39A023EA1AE5009C4A86 /* CountryList.swift in Sources */,
				9B07BE9323E334B6003B1DD7 /* DescVc.swift in Sources */,
				9B6F639C23E224760000A6CB /* SceneDelegate.swift in Sources */,
				9B6F63A423E224760000A6CB /* wanderfinal.xcdatamodeld in Sources */,
			);
			runOnlyForDeploymentPostprocessing = 0;
		};
/* End PBXSourcesBuildPhase section */

/* Begin PBXVariantGroup section */
		9B6F639F23E224760000A6CB /* Main.storyboard */ = {
			isa = PBXVariantGroup;
			children = (
				9B6F63A023E224760000A6CB /* Base */,
			);
			name = Main.storyboard;
			sourceTree = "<group>";
		};
		9B6F63A723E2247A0000A6CB /* LaunchScreen.storyboard */ = {
			isa = PBXVariantGroup;
			children = (
				9B6F63A823E2247A0000A6CB /* Base */,
			);
			name = LaunchScreen.storyboard;
			sourceTree = "<group>";
		};
/* End PBXVariantGroup section */

/* Begin XCBuildConfiguration section */
		9B6F63AB23E2247A0000A6CB /* Debug */ = {
			isa = XCBuildConfiguration;
			buildSettings = {
				ALWAYS_SEARCH_USER_PATHS = NO;
				CLANG_ANALYZER_NONNULL = YES;
				CLANG_ANALYZER_NUMBER_OBJECT_CONVERSION = YES_AGGRESSIVE;
				CLANG_CXX_LANGUAGE_STANDARD = "gnu++14";
				CLANG_CXX_LIBRARY = "libc++";
				CLANG_ENABLE_MODULES = YES;
				CLANG_ENABLE_OBJC_ARC = YES;
				CLANG_ENABLE_OBJC_WEAK = YES;
				CLANG_WARN_BLOCK_CAPTURE_AUTORELEASING = YES;
				CLANG_WARN_BOOL_CONVERSION = YES;
				CLANG_WARN_COMMA = YES;
				CLANG_WARN_CONSTANT_CONVERSION = YES;
				CLANG_WARN_DEPRECATED_OBJC_IMPLEMENTATIONS = YES;
				CLANG_WARN_DIRECT_OBJC_ISA_USAGE = YES_ERROR;
				CLANG_WARN_DOCUMENTATION_COMMENTS = YES;
				CLANG_WARN_EMPTY_BODY = YES;
				CLANG_WARN_ENUM_CONVERSION = YES;
				CLANG_WARN_INFINITE_RECURSION = YES;
				CLANG_WARN_INT_CONVERSION = YES;
				CLANG_WARN_NON_LITERAL_NULL_CONVERSION = YES;
				CLANG_WARN_OBJC_IMPLICIT_RETAIN_SELF = YES;
				CLANG_WARN_OBJC_LITERAL_CONVERSION = YES;
				CLANG_WARN_OBJC_ROOT_CLASS = YES_ERROR;
				CLANG_WARN_RANGE_LOOP_ANALYSIS = YES;
				CLANG_WARN_STRICT_PROTOTYPES = YES;
				CLANG_WARN_SUSPICIOUS_MOVE = YES;
				CLANG_WARN_UNGUARDED_AVAILABILITY = YES_AGGRESSIVE;
				CLANG_WARN_UNREACHABLE_CODE = YES;
				CLANG_WARN__DUPLICATE_METHOD_MATCH = YES;
				COPY_PHASE_STRIP = NO;
				DEBUG_INFORMATION_FORMAT = dwarf;
				ENABLE_STRICT_OBJC_MSGSEND = YES;
				ENABLE_TESTABILITY = YES;
				GCC_C_LANGUAGE_STANDARD = gnu11;
				GCC_DYNAMIC_NO_PIC = NO;
				GCC_NO_COMMON_BLOCKS = YES;
				GCC_OPTIMIZATION_LEVEL = 0;
				GCC_PREPROCESSOR_DEFINITIONS = (
					"DEBUG=1",
					"$(inherited)",
				);
				GCC_WARN_64_TO_32_BIT_CONVERSION = YES;
				GCC_WARN_ABOUT_RETURN_TYPE = YES_ERROR;
				GCC_WARN_UNDECLARED_SELECTOR = YES;
				GCC_WARN_UNINITIALIZED_AUTOS = YES_AGGRESSIVE;
				GCC_WARN_UNUSED_FUNCTION = YES;
				GCC_WARN_UNUSED_VARIABLE = YES;
				IPHONEOS_DEPLOYMENT_TARGET = 13.2;
				MTL_ENABLE_DEBUG_INFO = INCLUDE_SOURCE;
				MTL_FAST_MATH = YES;
				ONLY_ACTIVE_ARCH = YES;
				SDKROOT = iphoneos;
				SWIFT_ACTIVE_COMPILATION_CONDITIONS = DEBUG;
				SWIFT_OPTIMIZATION_LEVEL = "-Onone";
			};
			name = Debug;
		};
		9B6F63AC23E2247A0000A6CB /* Release */ = {
			isa = XCBuildConfiguration;
			buildSettings = {
				ALWAYS_SEARCH_USER_PATHS = NO;
				CLANG_ANALYZER_NONNULL = YES;
				CLANG_ANALYZER_NUMBER_OBJECT_CONVERSION = YES_AGGRESSIVE;
				CLANG_CXX_LANGUAGE_STANDARD = "gnu++14";
				CLANG_CXX_LIBRARY = "libc++";
				CLANG_ENABLE_MODULES = YES;
				CLANG_ENABLE_OBJC_ARC = YES;
				CLANG_ENABLE_OBJC_WEAK = YES;
				CLANG_WARN_BLOCK_CAPTURE_AUTORELEASING = YES;
				CLANG_WARN_BOOL_CONVERSION = YES;
				CLANG_WARN_COMMA = YES;
				CLANG_WARN_CONSTANT_CONVERSION = YES;
				CLANG_WARN_DEPRECATED_OBJC_IMPLEMENTATIONS = YES;
				CLANG_WARN_DIRECT_OBJC_ISA_USAGE = YES_ERROR;
				CLANG_WARN_DOCUMENTATION_COMMENTS = YES;
				CLANG_WARN_EMPTY_BODY = YES;
				CLANG_WARN_ENUM_CONVERSION = YES;
				CLANG_WARN_INFINITE_RECURSION = YES;
				CLANG_WARN_INT_CONVERSION = YES;
				CLANG_WARN_NON_LITERAL_NULL_CONVERSION = YES;
				CLANG_WARN_OBJC_IMPLICIT_RETAIN_SELF = YES;
				CLANG_WARN_OBJC_LITERAL_CONVERSION = YES;
				CLANG_WARN_OBJC_ROOT_CLASS = YES_ERROR;
				CLANG_WARN_RANGE_LOOP_ANALYSIS = YES;
				CLANG_WARN_STRICT_PROTOTYPES = YES;
				CLANG_WARN_SUSPICIOUS_MOVE = YES;
				CLANG_WARN_UNGUARDED_AVAILABILITY = YES_AGGRESSIVE;
				CLANG_WARN_UNREACHABLE_CODE = YES;
				CLANG_WARN__DUPLICATE_METHOD_MATCH = YES;
				COPY_PHASE_STRIP = NO;
				DEBUG_INFORMATION_FORMAT = "dwarf-with-dsym";
				ENABLE_NS_ASSERTIONS = NO;
				ENABLE_STRICT_OBJC_MSGSEND = YES;
				GCC_C_LANGUAGE_STANDARD = gnu11;
				GCC_NO_COMMON_BLOCKS = YES;
				GCC_WARN_64_TO_32_BIT_CONVERSION = YES;
				GCC_WARN_ABOUT_RETURN_TYPE = YES_ERROR;
				GCC_WARN_UNDECLARED_SELECTOR = YES;
				GCC_WARN_UNINITIALIZED_AUTOS = YES_AGGRESSIVE;
				GCC_WARN_UNUSED_FUNCTION = YES;
				GCC_WARN_UNUSED_VARIABLE = YES;
				IPHONEOS_DEPLOYMENT_TARGET = 13.2;
				MTL_ENABLE_DEBUG_INFO = NO;
				MTL_FAST_MATH = YES;
				SDKROOT = iphoneos;
				SWIFT_COMPILATION_MODE = wholemodule;
				SWIFT_OPTIMIZATION_LEVEL = "-O";
				VALIDATE_PRODUCT = YES;
			};
			name = Release;
		};
		9B6F63AE23E2247A0000A6CB /* Debug */ = {
			isa = XCBuildConfiguration;
			buildSettings = {
				ASSETCATALOG_COMPILER_APPICON_NAME = AppIcon;
				CLANG_ENABLE_MODULES = YES;
				CODE_SIGN_STYLE = Automatic;
				INFOPLIST_FILE = wanderfinal/Info.plist;
				LD_RUNPATH_SEARCH_PATHS = (
					"$(inherited)",
					"@executable_path/Frameworks",
				);
				PRODUCT_BUNDLE_IDENTIFIER = CestarCollege.wanderfinal;
				PRODUCT_NAME = "$(TARGET_NAME)";
				SWIFT_OPTIMIZATION_LEVEL = "-Onone";
				SWIFT_VERSION = 5.0;
				TARGETED_DEVICE_FAMILY = "1,2";
			};
			name = Debug;
		};
		9B6F63AF23E2247A0000A6CB /* Release */ = {
			isa = XCBuildConfiguration;
			buildSettings = {
				ASSETCATALOG_COMPILER_APPICON_NAME = AppIcon;
				CLANG_ENABLE_MODULES = YES;
				CODE_SIGN_STYLE = Automatic;
				INFOPLIST_FILE = wanderfinal/Info.plist;
				LD_RUNPATH_SEARCH_PATHS = (
					"$(inherited)",
					"@executable_path/Frameworks",
				);
				PRODUCT_BUNDLE_IDENTIFIER = CestarCollege.wanderfinal;
				PRODUCT_NAME = "$(TARGET_NAME)";
				SWIFT_VERSION = 5.0;
				TARGETED_DEVICE_FAMILY = "1,2";
			};
			name = Release;
		};
/* End XCBuildConfiguration section */

/* Begin XCConfigurationList section */
		9B6F639123E224760000A6CB /* Build configuration list for PBXProject "wanderfinal" */ = {
			isa = XCConfigurationList;
			buildConfigurations = (
				9B6F63AB23E2247A0000A6CB /* Debug */,
				9B6F63AC23E2247A0000A6CB /* Release */,
			);
			defaultConfigurationIsVisible = 0;
			defaultConfigurationName = Release;
		};
		9B6F63AD23E2247A0000A6CB /* Build configuration list for PBXNativeTarget "wanderfinal" */ = {
			isa = XCConfigurationList;
			buildConfigurations = (
				9B6F63AE23E2247A0000A6CB /* Debug */,
				9B6F63AF23E2247A0000A6CB /* Release */,
			);
			defaultConfigurationIsVisible = 0;
			defaultConfigurationName = Release;
		};
/* End XCConfigurationList section */

/* Begin XCVersionGroup section */
		9B6F63A223E224760000A6CB /* wanderfinal.xcdatamodeld */ = {
			isa = XCVersionGroup;
			children = (
				9B6F63A323E224760000A6CB /* wanderfinal.xcdatamodel */,
			);
			currentVersion = 9B6F63A323E224760000A6CB /* wanderfinal.xcdatamodel */;
			path = wanderfinal.xcdatamodeld;
			sourceTree = "<group>";
			versionGroupType = wrapper.xcdatamodel;
		};
/* End XCVersionGroup section */
	};
	rootObject = 9B6F638E23E224760000A6CB /* Project object */;
}
